// !$*UTF8*$!
{
	archiveVersion = 1;
	classes = {
	};
	objectVersion = 46;
	objects = {

/* Begin PBXBuildFile section */
		59997D4D1D23189F0062FB85 /* AppDelegate.swift in Sources */ = {isa = PBXBuildFile; fileRef = 59997D4C1D23189F0062FB85 /* AppDelegate.swift */; };
		59997D521D23189F0062FB85 /* Main.storyboard in Resources */ = {isa = PBXBuildFile; fileRef = 59997D501D23189F0062FB85 /* Main.storyboard */; };
		59997D541D23189F0062FB85 /* Assets.xcassets in Resources */ = {isa = PBXBuildFile; fileRef = 59997D531D23189F0062FB85 /* Assets.xcassets */; };
		59997D571D23189F0062FB85 /* LaunchScreen.storyboard in Resources */ = {isa = PBXBuildFile; fileRef = 59997D551D23189F0062FB85 /* LaunchScreen.storyboard */; };
		59997D621D23189F0062FB85 /* ShuteyeTests.swift in Sources */ = {isa = PBXBuildFile; fileRef = 59997D611D23189F0062FB85 /* ShuteyeTests.swift */; };
		59997D6D1D23189F0062FB85 /* ShuteyeUITests.swift in Sources */ = {isa = PBXBuildFile; fileRef = 59997D6C1D23189F0062FB85 /* ShuteyeUITests.swift */; };
		59997D801D248CE20062FB85 /* Alarm.swift in Sources */ = {isa = PBXBuildFile; fileRef = 59997D7F1D248CE20062FB85 /* Alarm.swift */; };
		59997D861D249F460062FB85 /* AlarmsTableViewController.swift in Sources */ = {isa = PBXBuildFile; fileRef = 59997D851D249F460062FB85 /* AlarmsTableViewController.swift */; };
		59997D881D249F500062FB85 /* AlarmSampleDataSource.swift in Sources */ = {isa = PBXBuildFile; fileRef = 59997D871D249F500062FB85 /* AlarmSampleDataSource.swift */; };
		59997D921D24A3900062FB85 /* CustomTableViewCell.swift in Sources */ = {isa = PBXBuildFile; fileRef = 59997D911D24A3900062FB85 /* CustomTableViewCell.swift */; };
/* End PBXBuildFile section */

/* Begin PBXContainerItemProxy section */
		59997D5E1D23189F0062FB85 /* PBXContainerItemProxy */ = {
			isa = PBXContainerItemProxy;
			containerPortal = 59997D411D23189F0062FB85 /* Project object */;
			proxyType = 1;
			remoteGlobalIDString = 59997D481D23189F0062FB85;
			remoteInfo = Shuteye;
		};
		59997D691D23189F0062FB85 /* PBXContainerItemProxy */ = {
			isa = PBXContainerItemProxy;
			containerPortal = 59997D411D23189F0062FB85 /* Project object */;
			proxyType = 1;
			remoteGlobalIDString = 59997D481D23189F0062FB85;
			remoteInfo = Shuteye;
		};
/* End PBXContainerItemProxy section */

/* Begin PBXFileReference section */
		59997D491D23189F0062FB85 /* Shuteye.app */ = {isa = PBXFileReference; explicitFileType = wrapper.application; includeInIndex = 0; path = Shuteye.app; sourceTree = BUILT_PRODUCTS_DIR; };
		59997D4C1D23189F0062FB85 /* AppDelegate.swift */ = {isa = PBXFileReference; lastKnownFileType = sourcecode.swift; path = AppDelegate.swift; sourceTree = "<group>"; };
		59997D511D23189F0062FB85 /* Base */ = {isa = PBXFileReference; lastKnownFileType = file.storyboard; name = Base; path = Base.lproj/Main.storyboard; sourceTree = "<group>"; };
		59997D531D23189F0062FB85 /* Assets.xcassets */ = {isa = PBXFileReference; lastKnownFileType = folder.assetcatalog; path = Assets.xcassets; sourceTree = "<group>"; };
		59997D561D23189F0062FB85 /* Base */ = {isa = PBXFileReference; lastKnownFileType = file.storyboard; name = Base; path = Base.lproj/LaunchScreen.storyboard; sourceTree = "<group>"; };
		59997D581D23189F0062FB85 /* Info.plist */ = {isa = PBXFileReference; lastKnownFileType = text.plist.xml; path = Info.plist; sourceTree = "<group>"; };
		59997D5D1D23189F0062FB85 /* ShuteyeTests.xctest */ = {isa = PBXFileReference; explicitFileType = wrapper.cfbundle; includeInIndex = 0; path = ShuteyeTests.xctest; sourceTree = BUILT_PRODUCTS_DIR; };
		59997D611D23189F0062FB85 /* ShuteyeTests.swift */ = {isa = PBXFileReference; lastKnownFileType = sourcecode.swift; path = ShuteyeTests.swift; sourceTree = "<group>"; };
		59997D631D23189F0062FB85 /* Info.plist */ = {isa = PBXFileReference; lastKnownFileType = text.plist.xml; path = Info.plist; sourceTree = "<group>"; };
		59997D681D23189F0062FB85 /* ShuteyeUITests.xctest */ = {isa = PBXFileReference; explicitFileType = wrapper.cfbundle; includeInIndex = 0; path = ShuteyeUITests.xctest; sourceTree = BUILT_PRODUCTS_DIR; };
		59997D6C1D23189F0062FB85 /* ShuteyeUITests.swift */ = {isa = PBXFileReference; lastKnownFileType = sourcecode.swift; path = ShuteyeUITests.swift; sourceTree = "<group>"; };
		59997D6E1D23189F0062FB85 /* Info.plist */ = {isa = PBXFileReference; lastKnownFileType = text.plist.xml; path = Info.plist; sourceTree = "<group>"; };
		59997D7F1D248CE20062FB85 /* Alarm.swift */ = {isa = PBXFileReference; fileEncoding = 4; lastKnownFileType = sourcecode.swift; path = Alarm.swift; sourceTree = "<group>"; };
		59997D851D249F460062FB85 /* AlarmsTableViewController.swift */ = {isa = PBXFileReference; fileEncoding = 4; lastKnownFileType = sourcecode.swift; name = AlarmsTableViewController.swift; path = "Alarm Table View/AlarmsTableViewController.swift"; sourceTree = "<group>"; };
		59997D871D249F500062FB85 /* AlarmSampleDataSource.swift */ = {isa = PBXFileReference; fileEncoding = 4; lastKnownFileType = sourcecode.swift; name = AlarmSampleDataSource.swift; path = "Alarm Table View/AlarmSampleDataSource.swift"; sourceTree = "<group>"; };
		59997D911D24A3900062FB85 /* CustomTableViewCell.swift */ = {isa = PBXFileReference; fileEncoding = 4; lastKnownFileType = sourcecode.swift; path = CustomTableViewCell.swift; sourceTree = "<group>"; };
/* End PBXFileReference section */

/* Begin PBXFrameworksBuildPhase section */
		59997D461D23189F0062FB85 /* Frameworks */ = {
			isa = PBXFrameworksBuildPhase;
			buildActionMask = 2147483647;
			files = (
			);
			runOnlyForDeploymentPostprocessing = 0;
		};
		59997D5A1D23189F0062FB85 /* Frameworks */ = {
			isa = PBXFrameworksBuildPhase;
			buildActionMask = 2147483647;
			files = (
			);
			runOnlyForDeploymentPostprocessing = 0;
		};
		59997D651D23189F0062FB85 /* Frameworks */ = {
			isa = PBXFrameworksBuildPhase;
			buildActionMask = 2147483647;
			files = (
			);
			runOnlyForDeploymentPostprocessing = 0;
		};
/* End PBXFrameworksBuildPhase section */

/* Begin PBXGroup section */
		59997D401D23189F0062FB85 = {
			isa = PBXGroup;
			children = (
				59997D4B1D23189F0062FB85 /* Shuteye */,
				59997D601D23189F0062FB85 /* ShuteyeTests */,
				59997D6B1D23189F0062FB85 /* ShuteyeUITests */,
				59997D4A1D23189F0062FB85 /* Products */,
			);
			sourceTree = "<group>";
		};
		59997D4A1D23189F0062FB85 /* Products */ = {
			isa = PBXGroup;
			children = (
				59997D491D23189F0062FB85 /* Shuteye.app */,
				59997D5D1D23189F0062FB85 /* ShuteyeTests.xctest */,
				59997D681D23189F0062FB85 /* ShuteyeUITests.xctest */,
			);
			name = Products;
			sourceTree = "<group>";
		};
		59997D4B1D23189F0062FB85 /* Shuteye */ = {
			isa = PBXGroup;
			children = (
				59997D4C1D23189F0062FB85 /* AppDelegate.swift */,
				59997D7F1D248CE20062FB85 /* Alarm.swift */,
				59997D821D248DE50062FB85 /* Alarm Table View */,
				59997D501D23189F0062FB85 /* Main.storyboard */,
				59997D531D23189F0062FB85 /* Assets.xcassets */,
				59997D551D23189F0062FB85 /* LaunchScreen.storyboard */,
				59997D581D23189F0062FB85 /* Info.plist */,
			);
			path = Shuteye;
			sourceTree = "<group>";
		};
		59997D601D23189F0062FB85 /* ShuteyeTests */ = {
			isa = PBXGroup;
			children = (
				59997D611D23189F0062FB85 /* ShuteyeTests.swift */,
				59997D631D23189F0062FB85 /* Info.plist */,
			);
			path = ShuteyeTests;
			sourceTree = "<group>";
		};
		59997D6B1D23189F0062FB85 /* ShuteyeUITests */ = {
			isa = PBXGroup;
			children = (
				59997D6C1D23189F0062FB85 /* ShuteyeUITests.swift */,
				59997D6E1D23189F0062FB85 /* Info.plist */,
			);
			path = ShuteyeUITests;
			sourceTree = "<group>";
		};
		59997D821D248DE50062FB85 /* Alarm Table View */ = {
			isa = PBXGroup;
			children = (
				59997D871D249F500062FB85 /* AlarmSampleDataSource.swift */,
				59997D851D249F460062FB85 /* AlarmsTableViewController.swift */,
				59997D911D24A3900062FB85 /* CustomTableViewCell.swift */,
			);
			name = "Alarm Table View";
			sourceTree = "<group>";
		};
/* End PBXGroup section */

/* Begin PBXNativeTarget section */
		59997D481D23189F0062FB85 /* Shuteye */ = {
			isa = PBXNativeTarget;
			buildConfigurationList = 59997D711D2318A00062FB85 /* Build configuration list for PBXNativeTarget "Shuteye" */;
			buildPhases = (
				59997D451D23189F0062FB85 /* Sources */,
				59997D461D23189F0062FB85 /* Frameworks */,
				59997D471D23189F0062FB85 /* Resources */,
			);
			buildRules = (
			);
			dependencies = (
			);
			name = Shuteye;
			productName = Shuteye;
			productReference = 59997D491D23189F0062FB85 /* Shuteye.app */;
			productType = "com.apple.product-type.application";
		};
		59997D5C1D23189F0062FB85 /* ShuteyeTests */ = {
			isa = PBXNativeTarget;
			buildConfigurationList = 59997D741D2318A00062FB85 /* Build configuration list for PBXNativeTarget "ShuteyeTests" */;
			buildPhases = (
				59997D591D23189F0062FB85 /* Sources */,
				59997D5A1D23189F0062FB85 /* Frameworks */,
				59997D5B1D23189F0062FB85 /* Resources */,
			);
			buildRules = (
			);
			dependencies = (
				59997D5F1D23189F0062FB85 /* PBXTargetDependency */,
			);
			name = ShuteyeTests;
			productName = ShuteyeTests;
			productReference = 59997D5D1D23189F0062FB85 /* ShuteyeTests.xctest */;
			productType = "com.apple.product-type.bundle.unit-test";
		};
		59997D671D23189F0062FB85 /* ShuteyeUITests */ = {
			isa = PBXNativeTarget;
			buildConfigurationList = 59997D771D2318A00062FB85 /* Build configuration list for PBXNativeTarget "ShuteyeUITests" */;
			buildPhases = (
				59997D641D23189F0062FB85 /* Sources */,
				59997D651D23189F0062FB85 /* Frameworks */,
				59997D661D23189F0062FB85 /* Resources */,
			);
			buildRules = (
			);
			dependencies = (
				59997D6A1D23189F0062FB85 /* PBXTargetDependency */,
			);
			name = ShuteyeUITests;
			productName = ShuteyeUITests;
			productReference = 59997D681D23189F0062FB85 /* ShuteyeUITests.xctest */;
			productType = "com.apple.product-type.bundle.ui-testing";
		};
/* End PBXNativeTarget section */

/* Begin PBXProject section */
		59997D411D23189F0062FB85 /* Project object */ = {
			isa = PBXProject;
			attributes = {
				LastSwiftUpdateCheck = 0730;
				LastUpgradeCheck = 0730;
				ORGANIZATIONNAME = sparks;
				TargetAttributes = {
					59997D481D23189F0062FB85 = {
						CreatedOnToolsVersion = 7.3.1;
					};
					59997D5C1D23189F0062FB85 = {
						CreatedOnToolsVersion = 7.3.1;
						TestTargetID = 59997D481D23189F0062FB85;
					};
					59997D671D23189F0062FB85 = {
						CreatedOnToolsVersion = 7.3.1;
						TestTargetID = 59997D481D23189F0062FB85;
					};
				};
			};
			buildConfigurationList = 59997D441D23189F0062FB85 /* Build configuration list for PBXProject "Shuteye" */;
			compatibilityVersion = "Xcode 3.2";
			developmentRegion = English;
			hasScannedForEncodings = 0;
			knownRegions = (
				en,
				Base,
			);
			mainGroup = 59997D401D23189F0062FB85;
			productRefGroup = 59997D4A1D23189F0062FB85 /* Products */;
			projectDirPath = "";
			projectRoot = "";
			targets = (
				59997D481D23189F0062FB85 /* Shuteye */,
				59997D5C1D23189F0062FB85 /* ShuteyeTests */,
				59997D671D23189F0062FB85 /* ShuteyeUITests */,
			);
		};
/* End PBXProject section */

/* Begin PBXResourcesBuildPhase section */
		59997D471D23189F0062FB85 /* Resources */ = {
			isa = PBXResourcesBuildPhase;
			buildActionMask = 2147483647;
			files = (
				59997D571D23189F0062FB85 /* LaunchScreen.storyboard in Resources */,
				59997D541D23189F0062FB85 /* Assets.xcassets in Resources */,
				59997D521D23189F0062FB85 /* Main.storyboard in Resources */,
			);
			runOnlyForDeploymentPostprocessing = 0;
		};
		59997D5B1D23189F0062FB85 /* Resources */ = {
			isa = PBXResourcesBuildPhase;
			buildActionMask = 2147483647;
			files = (
			);
			runOnlyForDeploymentPostprocessing = 0;
		};
		59997D661D23189F0062FB85 /* Resources */ = {
			isa = PBXResourcesBuildPhase;
			buildActionMask = 2147483647;
			files = (
			);
			runOnlyForDeploymentPostprocessing = 0;
		};
/* End PBXResourcesBuildPhase section */

/* Begin PBXSourcesBuildPhase section */
		59997D451D23189F0062FB85 /* Sources */ = {
			isa = PBXSourcesBuildPhase;
			buildActionMask = 2147483647;
			files = (
				59997D4D1D23189F0062FB85 /* AppDelegate.swift in Sources */,
				59997D861D249F460062FB85 /* AlarmsTableViewController.swift in Sources */,
				59997D881D249F500062FB85 /* AlarmSampleDataSource.swift in Sources */,
				59997D921D24A3900062FB85 /* CustomTableViewCell.swift in Sources */,
				59997D801D248CE20062FB85 /* Alarm.swift in Sources */,
			);
			runOnlyForDeploymentPostprocessing = 0;
		};
		59997D591D23189F0062FB85 /* Sources */ = {
			isa = PBXSourcesBuildPhase;
			buildActionMask = 2147483647;
			files = (
				59997D621D23189F0062FB85 /* ShuteyeTests.swift in Sources */,
			);
			runOnlyForDeploymentPostprocessing = 0;
		};
		59997D641D23189F0062FB85 /* Sources */ = {
			isa = PBXSourcesBuildPhase;
			buildActionMask = 2147483647;
			files = (
				59997D6D1D23189F0062FB85 /* ShuteyeUITests.swift in Sources */,
			);
			runOnlyForDeploymentPostprocessing = 0;
		};
/* End PBXSourcesBuildPhase section */

/* Begin PBXTargetDependency section */
		59997D5F1D23189F0062FB85 /* PBXTargetDependency */ = {
			isa = PBXTargetDependency;
			target = 59997D481D23189F0062FB85 /* Shuteye */;
			targetProxy = 59997D5E1D23189F0062FB85 /* PBXContainerItemProxy */;
		};
		59997D6A1D23189F0062FB85 /* PBXTargetDependency */ = {
			isa = PBXTargetDependency;
			target = 59997D481D23189F0062FB85 /* Shuteye */;
			targetProxy = 59997D691D23189F0062FB85 /* PBXContainerItemProxy */;
		};
/* End PBXTargetDependency section */

/* Begin PBXVariantGroup section */
		59997D501D23189F0062FB85 /* Main.storyboard */ = {
			isa = PBXVariantGroup;
			children = (
				59997D511D23189F0062FB85 /* Base */,
			);
			name = Main.storyboard;
			sourceTree = "<group>";
		};
		59997D551D23189F0062FB85 /* LaunchScreen.storyboard */ = {
			isa = PBXVariantGroup;
			children = (
				59997D561D23189F0062FB85 /* Base */,
			);
			name = LaunchScreen.storyboard;
			sourceTree = "<group>";
		};
/* End PBXVariantGroup section */

/* Begin XCBuildConfiguration section */
		59997D6F1D2318A00062FB85 /* Debug */ = {
			isa = XCBuildConfiguration;
			buildSettings = {
				ALWAYS_SEARCH_USER_PATHS = NO;
				CLANG_ANALYZER_NONNULL = YES;
				CLANG_CXX_LANGUAGE_STANDARD = "gnu++0x";
				CLANG_CXX_LIBRARY = "libc++";
				CLANG_ENABLE_MODULES = YES;
				CLANG_ENABLE_OBJC_ARC = YES;
				CLANG_WARN_BOOL_CONVERSION = YES;
				CLANG_WARN_CONSTANT_CONVERSION = YES;
				CLANG_WARN_DIRECT_OBJC_ISA_USAGE = YES_ERROR;
				CLANG_WARN_EMPTY_BODY = YES;
				CLANG_WARN_ENUM_CONVERSION = YES;
				CLANG_WARN_INT_CONVERSION = YES;
				CLANG_WARN_OBJC_ROOT_CLASS = YES_ERROR;
				CLANG_WARN_UNREACHABLE_CODE = YES;
				CLANG_WARN__DUPLICATE_METHOD_MATCH = YES;
				"CODE_SIGN_IDENTITY[sdk=iphoneos*]" = "iPhone Developer";
				COPY_PHASE_STRIP = NO;
				DEBUG_INFORMATION_FORMAT = dwarf;
				ENABLE_STRICT_OBJC_MSGSEND = YES;
				ENABLE_TESTABILITY = YES;
				GCC_C_LANGUAGE_STANDARD = gnu99;
				GCC_DYNAMIC_NO_PIC = NO;
				GCC_NO_COMMON_BLOCKS = YES;
				GCC_OPTIMIZATION_LEVEL = 0;
				GCC_PREPROCESSOR_DEFINITIONS = (
					"DEBUG=1",
					"$(inherited)",
				);
				GCC_WARN_64_TO_32_BIT_CONVERSION = YES;
				GCC_WARN_ABOUT_RETURN_TYPE = YES_ERROR;
				GCC_WARN_UNDECLARED_SELECTOR = YES;
				GCC_WARN_UNINITIALIZED_AUTOS = YES_AGGRESSIVE;
				GCC_WARN_UNUSED_FUNCTION = YES;
				GCC_WARN_UNUSED_VARIABLE = YES;
				IPHONEOS_DEPLOYMENT_TARGET = 9.3;
				MTL_ENABLE_DEBUG_INFO = YES;
				ONLY_ACTIVE_ARCH = YES;
				SDKROOT = iphoneos;
				SWIFT_OPTIMIZATION_LEVEL = "-Onone";
			};
			name = Debug;
		};
		59997D701D2318A00062FB85 /* Release */ = {
			isa = XCBuildConfiguration;
			buildSettings = {
				ALWAYS_SEARCH_USER_PATHS = NO;
				CLANG_ANALYZER_NONNULL = YES;
				CLANG_CXX_LANGUAGE_STANDARD = "gnu++0x";
				CLANG_CXX_LIBRARY = "libc++";
				CLANG_ENABLE_MODULES = YES;
				CLANG_ENABLE_OBJC_ARC = YES;
				CLANG_WARN_BOOL_CONVERSION = YES;
				CLANG_WARN_CONSTANT_CONVERSION = YES;
				CLANG_WARN_DIRECT_OBJC_ISA_USAGE = YES_ERROR;
				CLANG_WARN_EMPTY_BODY = YES;
				CLANG_WARN_ENUM_CONVERSION = YES;
				CLANG_WARN_INT_CONVERSION = YES;
				CLANG_WARN_OBJC_ROOT_CLASS = YES_ERROR;
				CLANG_WARN_UNREACHABLE_CODE = YES;
				CLANG_WARN__DUPLICATE_METHOD_MATCH = YES;
				"CODE_SIGN_IDENTITY[sdk=iphoneos*]" = "iPhone Developer";
				COPY_PHASE_STRIP = NO;
				DEBUG_INFORMATION_FORMAT = "dwarf-with-dsym";
				ENABLE_NS_ASSERTIONS = NO;
				ENABLE_STRICT_OBJC_MSGSEND = YES;
				GCC_C_LANGUAGE_STANDARD = gnu99;
				GCC_NO_COMMON_BLOCKS = YES;
				GCC_WARN_64_TO_32_BIT_CONVERSION = YES;
				GCC_WARN_ABOUT_RETURN_TYPE = YES_ERROR;
				GCC_WARN_UNDECLARED_SELECTOR = YES;
				GCC_WARN_UNINITIALIZED_AUTOS = YES_AGGRESSIVE;
				GCC_WARN_UNUSED_FUNCTION = YES;
				GCC_WARN_UNUSED_VARIABLE = YES;
				IPHONEOS_DEPLOYMENT_TARGET = 9.3;
				MTL_ENABLE_DEBUG_INFO = NO;
				SDKROOT = iphoneos;
				VALIDATE_PRODUCT = YES;
			};
			name = Release;
		};
		59997D721D2318A00062FB85 /* Debug */ = {
			isa = XCBuildConfiguration;
			buildSettings = {
				ASSETCATALOG_COMPILER_APPICON_NAME = AppIcon;
				INFOPLIST_FILE = Shuteye/Info.plist;
				LD_RUNPATH_SEARCH_PATHS = "$(inherited) @executable_path/Frameworks";
				PRODUCT_BUNDLE_IDENTIFIER = "Melina-Sparks.Shuteye";
				PRODUCT_NAME = "$(TARGET_NAME)";
			};
			name = Debug;
		};
		59997D731D2318A00062FB85 /* Release */ = {
			isa = XCBuildConfiguration;
			buildSettings = {
				ASSETCATALOG_COMPILER_APPICON_NAME = AppIcon;
				INFOPLIST_FILE = Shuteye/Info.plist;
				LD_RUNPATH_SEARCH_PATHS = "$(inherited) @executable_path/Frameworks";
				PRODUCT_BUNDLE_IDENTIFIER = "Melina-Sparks.Shuteye";
				PRODUCT_NAME = "$(TARGET_NAME)";
			};
			name = Release;
		};
		59997D751D2318A00062FB85 /* Debug */ = {
			isa = XCBuildConfiguration;
			buildSettings = {
				BUNDLE_LOADER = "$(TEST_HOST)";
				INFOPLIST_FILE = ShuteyeTests/Info.plist;
				LD_RUNPATH_SEARCH_PATHS = "$(inherited) @executable_path/Frameworks @loader_path/Frameworks";
				PRODUCT_BUNDLE_IDENTIFIER = "Melina-Sparks.ShuteyeTests";
				PRODUCT_NAME = "$(TARGET_NAME)";
				TEST_HOST = "$(BUILT_PRODUCTS_DIR)/Shuteye.app/Shuteye";
			};
			name = Debug;
		};
		59997D761D2318A00062FB85 /* Release */ = {
			isa = XCBuildConfiguration;
			buildSettings = {
				BUNDLE_LOADER = "$(TEST_HOST)";
				INFOPLIST_FILE = ShuteyeTests/Info.plist;
				LD_RUNPATH_SEARCH_PATHS = "$(inherited) @executable_path/Frameworks @loader_path/Frameworks";
				PRODUCT_BUNDLE_IDENTIFIER = "Melina-Sparks.ShuteyeTests";
				PRODUCT_NAME = "$(TARGET_NAME)";
				TEST_HOST = "$(BUILT_PRODUCTS_DIR)/Shuteye.app/Shuteye";
			};
			name = Release;
		};
		59997D781D2318A00062FB85 /* Debug */ = {
			isa = XCBuildConfiguration;
			buildSettings = {
				INFOPLIST_FILE = ShuteyeUITests/Info.plist;
				LD_RUNPATH_SEARCH_PATHS = "$(inherited) @executable_path/Frameworks @loader_path/Frameworks";
				PRODUCT_BUNDLE_IDENTIFIER = "Melina-Sparks.ShuteyeUITests";
				PRODUCT_NAME = "$(TARGET_NAME)";
				TEST_TARGET_NAME = Shuteye;
			};
			name = Debug;
		};
		59997D791D2318A00062FB85 /* Release */ = {
			isa = XCBuildConfiguration;
			buildSettings = {
				INFOPLIST_FILE = ShuteyeUITests/Info.plist;
				LD_RUNPATH_SEARCH_PATHS = "$(inherited) @executable_path/Frameworks @loader_path/Frameworks";
				PRODUCT_BUNDLE_IDENTIFIER = "Melina-Sparks.ShuteyeUITests";
				PRODUCT_NAME = "$(TARGET_NAME)";
				TEST_TARGET_NAME = Shuteye;
			};
			name = Release;
		};
/* End XCBuildConfiguration section */

/* Begin XCConfigurationList section */
		59997D441D23189F0062FB85 /* Build configuration list for PBXProject "Shuteye" */ = {
			isa = XCConfigurationList;
			buildConfigurations = (
				59997D6F1D2318A00062FB85 /* Debug */,
				59997D701D2318A00062FB85 /* Release */,
			);
			defaultConfigurationIsVisible = 0;
			defaultConfigurationName = Release;
		};
		59997D711D2318A00062FB85 /* Build configuration list for PBXNativeTarget "Shuteye" */ = {
			isa = XCConfigurationList;
			buildConfigurations = (
				59997D721D2318A00062FB85 /* Debug */,
				59997D731D2318A00062FB85 /* Release */,
			);
			defaultConfigurationIsVisible = 0;
			defaultConfigurationName = Release;
		};
		59997D741D2318A00062FB85 /* Build configuration list for PBXNativeTarget "ShuteyeTests" */ = {
			isa = XCConfigurationList;
			buildConfigurations = (
				59997D751D2318A00062FB85 /* Debug */,
				59997D761D2318A00062FB85 /* Release */,
			);
			defaultConfigurationIsVisible = 0;
			defaultConfigurationName = Release;
		};
		59997D771D2318A00062FB85 /* Build configuration list for PBXNativeTarget "ShuteyeUITests" */ = {
			isa = XCConfigurationList;
			buildConfigurations = (
				59997D781D2318A00062FB85 /* Debug */,
				59997D791D2318A00062FB85 /* Release */,
			);
			defaultConfigurationIsVisible = 0;
			defaultConfigurationName = Release;
		};
/* End XCConfigurationList section */
	};
	rootObject = 59997D411D23189F0062FB85 /* Project object */;
}
